// !$*UTF8*$!
{
	archiveVersion = 1;
	classes = {
	};
	objectVersion = 55;
	objects = {

/* Begin PBXBuildFile section */
		94758B142900255D00E13970 /* ActionTableViewController.swift in Sources */ = {isa = PBXBuildFile; fileRef = 94758B132900255D00E13970 /* ActionTableViewController.swift */; };
		94758B1829003E3400E13970 /* CommentModel.swift in Sources */ = {isa = PBXBuildFile; fileRef = 94758B1729003E3400E13970 /* CommentModel.swift */; };
		94758B1C29007DA900E13970 /* CommentTableViewCell.swift in Sources */ = {isa = PBXBuildFile; fileRef = 94758B1B29007DA900E13970 /* CommentTableViewCell.swift */; };
		94758B2429041AEC00E13970 /* SubscribeTableViewCell.swift in Sources */ = {isa = PBXBuildFile; fileRef = 94758B2329041AEC00E13970 /* SubscribeTableViewCell.swift */; };
		94758B26290427A600E13970 /* NSMutableAttributedString.swift in Sources */ = {isa = PBXBuildFile; fileRef = 94758B25290427A600E13970 /* NSMutableAttributedString.swift */; };
		94758B2A29044D4700E13970 /* SearchViewController.swift in Sources */ = {isa = PBXBuildFile; fileRef = 94758B2929044D4700E13970 /* SearchViewController.swift */; };
		94758B2C2905529B00E13970 /* MediaUserCollectionViewCell.swift in Sources */ = {isa = PBXBuildFile; fileRef = 94758B2B2905529B00E13970 /* MediaUserCollectionViewCell.swift */; };
		94758B2E290555F700E13970 /* MediaModel.swift in Sources */ = {isa = PBXBuildFile; fileRef = 94758B2D290555F700E13970 /* MediaModel.swift */; };
		949C36CF28FD4FF70049BEDE /* AppDelegate.swift in Sources */ = {isa = PBXBuildFile; fileRef = 949C36CE28FD4FF70049BEDE /* AppDelegate.swift */; };
		949C36D128FD4FF70049BEDE /* SceneDelegate.swift in Sources */ = {isa = PBXBuildFile; fileRef = 949C36D028FD4FF70049BEDE /* SceneDelegate.swift */; };
		949C36D328FD4FF70049BEDE /* HomeViewController.swift in Sources */ = {isa = PBXBuildFile; fileRef = 949C36D228FD4FF70049BEDE /* HomeViewController.swift */; };
		949C36D628FD4FF70049BEDE /* Main.storyboard in Resources */ = {isa = PBXBuildFile; fileRef = 949C36D428FD4FF70049BEDE /* Main.storyboard */; };
		949C36D828FD4FF90049BEDE /* Assets.xcassets in Resources */ = {isa = PBXBuildFile; fileRef = 949C36D728FD4FF90049BEDE /* Assets.xcassets */; };
		949C36DB28FD4FF90049BEDE /* LaunchScreen.storyboard in Resources */ = {isa = PBXBuildFile; fileRef = 949C36D928FD4FF90049BEDE /* LaunchScreen.storyboard */; };
/* End PBXBuildFile section */

/* Begin PBXFileReference section */
		94758B132900255D00E13970 /* ActionTableViewController.swift */ = {isa = PBXFileReference; lastKnownFileType = sourcecode.swift; path = ActionTableViewController.swift; sourceTree = "<group>"; };
		94758B1729003E3400E13970 /* CommentModel.swift */ = {isa = PBXFileReference; lastKnownFileType = sourcecode.swift; path = CommentModel.swift; sourceTree = "<group>"; };
		94758B1B29007DA900E13970 /* CommentTableViewCell.swift */ = {isa = PBXFileReference; lastKnownFileType = sourcecode.swift; path = CommentTableViewCell.swift; sourceTree = "<group>"; };
		94758B2329041AEC00E13970 /* SubscribeTableViewCell.swift */ = {isa = PBXFileReference; lastKnownFileType = sourcecode.swift; path = SubscribeTableViewCell.swift; sourceTree = "<group>"; };
		94758B25290427A600E13970 /* NSMutableAttributedString.swift */ = {isa = PBXFileReference; lastKnownFileType = sourcecode.swift; path = NSMutableAttributedString.swift; sourceTree = "<group>"; };
		94758B2929044D4700E13970 /* SearchViewController.swift */ = {isa = PBXFileReference; lastKnownFileType = sourcecode.swift; path = SearchViewController.swift; sourceTree = "<group>"; };
		94758B2B2905529B00E13970 /* MediaUserCollectionViewCell.swift */ = {isa = PBXFileReference; lastKnownFileType = sourcecode.swift; path = MediaUserCollectionViewCell.swift; sourceTree = "<group>"; };
		94758B2D290555F700E13970 /* MediaModel.swift */ = {isa = PBXFileReference; lastKnownFileType = sourcecode.swift; path = MediaModel.swift; sourceTree = "<group>"; };
		949C36CB28FD4FF70049BEDE /* UIKitInstagram.app */ = {isa = PBXFileReference; explicitFileType = wrapper.application; includeInIndex = 0; path = UIKitInstagram.app; sourceTree = BUILT_PRODUCTS_DIR; };
		949C36CE28FD4FF70049BEDE /* AppDelegate.swift */ = {isa = PBXFileReference; lastKnownFileType = sourcecode.swift; path = AppDelegate.swift; sourceTree = "<group>"; };
		949C36D028FD4FF70049BEDE /* SceneDelegate.swift */ = {isa = PBXFileReference; lastKnownFileType = sourcecode.swift; path = SceneDelegate.swift; sourceTree = "<group>"; };
		949C36D228FD4FF70049BEDE /* HomeViewController.swift */ = {isa = PBXFileReference; lastKnownFileType = sourcecode.swift; path = HomeViewController.swift; sourceTree = "<group>"; };
		949C36D528FD4FF70049BEDE /* Base */ = {isa = PBXFileReference; lastKnownFileType = file.storyboard; name = Base; path = Base.lproj/Main.storyboard; sourceTree = "<group>"; };
		949C36D728FD4FF90049BEDE /* Assets.xcassets */ = {isa = PBXFileReference; lastKnownFileType = folder.assetcatalog; path = Assets.xcassets; sourceTree = "<group>"; };
		949C36DA28FD4FF90049BEDE /* Base */ = {isa = PBXFileReference; lastKnownFileType = file.storyboard; name = Base; path = Base.lproj/LaunchScreen.storyboard; sourceTree = "<group>"; };
		949C36DC28FD4FF90049BEDE /* Info.plist */ = {isa = PBXFileReference; lastKnownFileType = text.plist.xml; path = Info.plist; sourceTree = "<group>"; };
/* End PBXFileReference section */

/* Begin PBXFrameworksBuildPhase section */
		949C36C828FD4FF70049BEDE /* Frameworks */ = {
			isa = PBXFrameworksBuildPhase;
			buildActionMask = 2147483647;
			files = (
			);
			runOnlyForDeploymentPostprocessing = 0;
		};
/* End PBXFrameworksBuildPhase section */

/* Begin PBXGroup section */
		94758B2F29055FE100E13970 /* Model */ = {
			isa = PBXGroup;
			children = (
				94758B1729003E3400E13970 /* CommentModel.swift */,
				94758B2D290555F700E13970 /* MediaModel.swift */,
			);
			path = Model;
			sourceTree = "<group>";
		};
		94758B302905601D00E13970 /* View */ = {
			isa = PBXGroup;
			children = (
				94758B1B29007DA900E13970 /* CommentTableViewCell.swift */,
				94758B2329041AEC00E13970 /* SubscribeTableViewCell.swift */,
				94758B2B2905529B00E13970 /* MediaUserCollectionViewCell.swift */,
			);
			path = View;
			sourceTree = "<group>";
		};
		94758B312905603500E13970 /* Controller */ = {
			isa = PBXGroup;
			children = (
				949C36D228FD4FF70049BEDE /* HomeViewController.swift */,
				94758B132900255D00E13970 /* ActionTableViewController.swift */,
				94758B2929044D4700E13970 /* SearchViewController.swift */,
			);
			path = Controller;
			sourceTree = "<group>";
		};
		94758B322905605E00E13970 /* Extension */ = {
			isa = PBXGroup;
			children = (
				94758B25290427A600E13970 /* NSMutableAttributedString.swift */,
			);
			path = Extension;
			sourceTree = "<group>";
		};
		949C36C228FD4FF70049BEDE = {
			isa = PBXGroup;
			children = (
				949C36CD28FD4FF70049BEDE /* UIKitInstagram */,
				949C36CC28FD4FF70049BEDE /* Products */,
			);
			sourceTree = "<group>";
		};
		949C36CC28FD4FF70049BEDE /* Products */ = {
			isa = PBXGroup;
			children = (
				949C36CB28FD4FF70049BEDE /* UIKitInstagram.app */,
			);
			name = Products;
			sourceTree = "<group>";
		};
		949C36CD28FD4FF70049BEDE /* UIKitInstagram */ = {
			isa = PBXGroup;
			children = (
				949C36CE28FD4FF70049BEDE /* AppDelegate.swift */,
				949C36D028FD4FF70049BEDE /* SceneDelegate.swift */,
				94758B2F29055FE100E13970 /* Model */,
				94758B302905601D00E13970 /* View */,
				94758B312905603500E13970 /* Controller */,
				94758B322905605E00E13970 /* Extension */,
				949C36D728FD4FF90049BEDE /* Assets.xcassets */,
				949C36D428FD4FF70049BEDE /* Main.storyboard */,
				949C36D928FD4FF90049BEDE /* LaunchScreen.storyboard */,
				949C36DC28FD4FF90049BEDE /* Info.plist */,
			);
			path = UIKitInstagram;
			sourceTree = "<group>";
		};
/* End PBXGroup section */

/* Begin PBXNativeTarget section */
		949C36CA28FD4FF70049BEDE /* UIKitInstagram */ = {
			isa = PBXNativeTarget;
			buildConfigurationList = 949C36DF28FD4FF90049BEDE /* Build configuration list for PBXNativeTarget "UIKitInstagram" */;
			buildPhases = (
				949C36E228FD504F0049BEDE /* SwiftLint */,
				949C36C728FD4FF70049BEDE /* Sources */,
				949C36C828FD4FF70049BEDE /* Frameworks */,
				949C36C928FD4FF70049BEDE /* Resources */,
			);
			buildRules = (
			);
			dependencies = (
			);
			name = UIKitInstagram;
			productName = UIKitInstagram;
			productReference = 949C36CB28FD4FF70049BEDE /* UIKitInstagram.app */;
			productType = "com.apple.product-type.application";
		};
/* End PBXNativeTarget section */

/* Begin PBXProject section */
		949C36C328FD4FF70049BEDE /* Project object */ = {
			isa = PBXProject;
			attributes = {
				BuildIndependentTargetsInParallel = 1;
				LastSwiftUpdateCheck = 1340;
				LastUpgradeCheck = 1340;
				TargetAttributes = {
					949C36CA28FD4FF70049BEDE = {
						CreatedOnToolsVersion = 13.4.1;
					};
				};
			};
			buildConfigurationList = 949C36C628FD4FF70049BEDE /* Build configuration list for PBXProject "UIKitInstagram" */;
			compatibilityVersion = "Xcode 13.0";
			developmentRegion = en;
			hasScannedForEncodings = 0;
			knownRegions = (
				en,
				Base,
			);
			mainGroup = 949C36C228FD4FF70049BEDE;
			productRefGroup = 949C36CC28FD4FF70049BEDE /* Products */;
			projectDirPath = "";
			projectRoot = "";
			targets = (
				949C36CA28FD4FF70049BEDE /* UIKitInstagram */,
			);
		};
/* End PBXProject section */

/* Begin PBXResourcesBuildPhase section */
		949C36C928FD4FF70049BEDE /* Resources */ = {
			isa = PBXResourcesBuildPhase;
			buildActionMask = 2147483647;
			files = (
				949C36DB28FD4FF90049BEDE /* LaunchScreen.storyboard in Resources */,
				949C36D828FD4FF90049BEDE /* Assets.xcassets in Resources */,
				949C36D628FD4FF70049BEDE /* Main.storyboard in Resources */,
			);
			runOnlyForDeploymentPostprocessing = 0;
		};
/* End PBXResourcesBuildPhase section */

/* Begin PBXShellScriptBuildPhase section */
		949C36E228FD504F0049BEDE /* SwiftLint */ = {
			isa = PBXShellScriptBuildPhase;
			buildActionMask = 2147483647;
			files = (
			);
			inputFileListPaths = (
			);
			inputPaths = (
			);
			name = SwiftLint;
			outputFileListPaths = (
			);
			outputPaths = (
			);
			runOnlyForDeploymentPostprocessing = 0;
			shellPath = /bin/sh;
			shellScript = "export PATH=\"$PATH:/opt/homebrew/bin\"\nif which swiftlint > /dev/null; then\n  swiftlint\nelse\n  echo \"warning: SwiftLint not installed, download from https://github.com/realm/SwiftLint\"\nfi\n";
		};
/* End PBXShellScriptBuildPhase section */

/* Begin PBXSourcesBuildPhase section */
		949C36C728FD4FF70049BEDE /* Sources */ = {
			isa = PBXSourcesBuildPhase;
			buildActionMask = 2147483647;
			files = (
				94758B2E290555F700E13970 /* MediaModel.swift in Sources */,
				94758B2C2905529B00E13970 /* MediaUserCollectionViewCell.swift in Sources */,
				949C36D328FD4FF70049BEDE /* HomeViewController.swift in Sources */,
				94758B1829003E3400E13970 /* CommentModel.swift in Sources */,
				94758B1C29007DA900E13970 /* CommentTableViewCell.swift in Sources */,
				94758B2A29044D4700E13970 /* SearchViewController.swift in Sources */,
				949C36CF28FD4FF70049BEDE /* AppDelegate.swift in Sources */,
				94758B26290427A600E13970 /* NSMutableAttributedString.swift in Sources */,
				94758B2429041AEC00E13970 /* SubscribeTableViewCell.swift in Sources */,
				949C36D128FD4FF70049BEDE /* SceneDelegate.swift in Sources */,
				94758B142900255D00E13970 /* ActionTableViewController.swift in Sources */,
			);
			runOnlyForDeploymentPostprocessing = 0;
		};
/* End PBXSourcesBuildPhase section */

/* Begin PBXVariantGroup section */
		949C36D428FD4FF70049BEDE /* Main.storyboard */ = {
			isa = PBXVariantGroup;
			children = (
				949C36D528FD4FF70049BEDE /* Base */,
			);
			name = Main.storyboard;
			sourceTree = "<group>";
		};
		949C36D928FD4FF90049BEDE /* LaunchScreen.storyboard */ = {
			isa = PBXVariantGroup;
			children = (
				949C36DA28FD4FF90049BEDE /* Base */,
			);
			name = LaunchScreen.storyboard;
			sourceTree = "<group>";
		};
/* End PBXVariantGroup section */

/* Begin XCBuildConfiguration section */
		949C36DD28FD4FF90049BEDE /* Debug */ = {
			isa = XCBuildConfiguration;
			buildSettings = {
				ALWAYS_SEARCH_USER_PATHS = NO;
				CLANG_ANALYZER_NONNULL = YES;
				CLANG_ANALYZER_NUMBER_OBJECT_CONVERSION = YES_AGGRESSIVE;
				CLANG_CXX_LANGUAGE_STANDARD = "gnu++17";
				CLANG_ENABLE_MODULES = YES;
				CLANG_ENABLE_OBJC_ARC = YES;
				CLANG_ENABLE_OBJC_WEAK = YES;
				CLANG_WARN_BLOCK_CAPTURE_AUTORELEASING = YES;
				CLANG_WARN_BOOL_CONVERSION = YES;
				CLANG_WARN_COMMA = YES;
				CLANG_WARN_CONSTANT_CONVERSION = YES;
				CLANG_WARN_DEPRECATED_OBJC_IMPLEMENTATIONS = YES;
				CLANG_WARN_DIRECT_OBJC_ISA_USAGE = YES_ERROR;
				CLANG_WARN_DOCUMENTATION_COMMENTS = YES;
				CLANG_WARN_EMPTY_BODY = YES;
				CLANG_WARN_ENUM_CONVERSION = YES;
				CLANG_WARN_INFINITE_RECURSION = YES;
				CLANG_WARN_INT_CONVERSION = YES;
				CLANG_WARN_NON_LITERAL_NULL_CONVERSION = YES;
				CLANG_WARN_OBJC_IMPLICIT_RETAIN_SELF = YES;
				CLANG_WARN_OBJC_LITERAL_CONVERSION = YES;
				CLANG_WARN_OBJC_ROOT_CLASS = YES_ERROR;
				CLANG_WARN_QUOTED_INCLUDE_IN_FRAMEWORK_HEADER = YES;
				CLANG_WARN_RANGE_LOOP_ANALYSIS = YES;
				CLANG_WARN_STRICT_PROTOTYPES = YES;
				CLANG_WARN_SUSPICIOUS_MOVE = YES;
				CLANG_WARN_UNGUARDED_AVAILABILITY = YES_AGGRESSIVE;
				CLANG_WARN_UNREACHABLE_CODE = YES;
				CLANG_WARN__DUPLICATE_METHOD_MATCH = YES;
				COPY_PHASE_STRIP = NO;
				DEBUG_INFORMATION_FORMAT = dwarf;
				ENABLE_STRICT_OBJC_MSGSEND = YES;
				ENABLE_TESTABILITY = YES;
				GCC_C_LANGUAGE_STANDARD = gnu11;
				GCC_DYNAMIC_NO_PIC = NO;
				GCC_NO_COMMON_BLOCKS = YES;
				GCC_OPTIMIZATION_LEVEL = 0;
				GCC_PREPROCESSOR_DEFINITIONS = (
					"DEBUG=1",
					"$(inherited)",
				);
				GCC_WARN_64_TO_32_BIT_CONVERSION = YES;
				GCC_WARN_ABOUT_RETURN_TYPE = YES_ERROR;
				GCC_WARN_UNDECLARED_SELECTOR = YES;
				GCC_WARN_UNINITIALIZED_AUTOS = YES_AGGRESSIVE;
				GCC_WARN_UNUSED_FUNCTION = YES;
				GCC_WARN_UNUSED_VARIABLE = YES;
				IPHONEOS_DEPLOYMENT_TARGET = 15.5;
				MTL_ENABLE_DEBUG_INFO = INCLUDE_SOURCE;
				MTL_FAST_MATH = YES;
				ONLY_ACTIVE_ARCH = YES;
				SDKROOT = iphoneos;
				SWIFT_ACTIVE_COMPILATION_CONDITIONS = DEBUG;
				SWIFT_OPTIMIZATION_LEVEL = "-Onone";
			};
			name = Debug;
		};
		949C36DE28FD4FF90049BEDE /* Release */ = {
			isa = XCBuildConfiguration;
			buildSettings = {
				ALWAYS_SEARCH_USER_PATHS = NO;
				CLANG_ANALYZER_NONNULL = YES;
				CLANG_ANALYZER_NUMBER_OBJECT_CONVERSION = YES_AGGRESSIVE;
				CLANG_CXX_LANGUAGE_STANDARD = "gnu++17";
				CLANG_ENABLE_MODULES = YES;
				CLANG_ENABLE_OBJC_ARC = YES;
				CLANG_ENABLE_OBJC_WEAK = YES;
				CLANG_WARN_BLOCK_CAPTURE_AUTORELEASING = YES;
				CLANG_WARN_BOOL_CONVERSION = YES;
				CLANG_WARN_COMMA = YES;
				CLANG_WARN_CONSTANT_CONVERSION = YES;
				CLANG_WARN_DEPRECATED_OBJC_IMPLEMENTATIONS = YES;
				CLANG_WARN_DIRECT_OBJC_ISA_USAGE = YES_ERROR;
				CLANG_WARN_DOCUMENTATION_COMMENTS = YES;
				CLANG_WARN_EMPTY_BODY = YES;
				CLANG_WARN_ENUM_CONVERSION = YES;
				CLANG_WARN_INFINITE_RECURSION = YES;
				CLANG_WARN_INT_CONVERSION = YES;
				CLANG_WARN_NON_LITERAL_NULL_CONVERSION = YES;
				CLANG_WARN_OBJC_IMPLICIT_RETAIN_SELF = YES;
				CLANG_WARN_OBJC_LITERAL_CONVERSION = YES;
				CLANG_WARN_OBJC_ROOT_CLASS = YES_ERROR;
				CLANG_WARN_QUOTED_INCLUDE_IN_FRAMEWORK_HEADER = YES;
				CLANG_WARN_RANGE_LOOP_ANALYSIS = YES;
				CLANG_WARN_STRICT_PROTOTYPES = YES;
				CLANG_WARN_SUSPICIOUS_MOVE = YES;
				CLANG_WARN_UNGUARDED_AVAILABILITY = YES_AGGRESSIVE;
				CLANG_WARN_UNREACHABLE_CODE = YES;
				CLANG_WARN__DUPLICATE_METHOD_MATCH = YES;
				COPY_PHASE_STRIP = NO;
				DEBUG_INFORMATION_FORMAT = "dwarf-with-dsym";
				ENABLE_NS_ASSERTIONS = NO;
				ENABLE_STRICT_OBJC_MSGSEND = YES;
				GCC_C_LANGUAGE_STANDARD = gnu11;
				GCC_NO_COMMON_BLOCKS = YES;
				GCC_WARN_64_TO_32_BIT_CONVERSION = YES;
				GCC_WARN_ABOUT_RETURN_TYPE = YES_ERROR;
				GCC_WARN_UNDECLARED_SELECTOR = YES;
				GCC_WARN_UNINITIALIZED_AUTOS = YES_AGGRESSIVE;
				GCC_WARN_UNUSED_FUNCTION = YES;
				GCC_WARN_UNUSED_VARIABLE = YES;
				IPHONEOS_DEPLOYMENT_TARGET = 15.5;
				MTL_ENABLE_DEBUG_INFO = NO;
				MTL_FAST_MATH = YES;
				SDKROOT = iphoneos;
				SWIFT_COMPILATION_MODE = wholemodule;
				SWIFT_OPTIMIZATION_LEVEL = "-O";
				VALIDATE_PRODUCT = YES;
			};
			name = Release;
		};
		949C36E028FD4FF90049BEDE /* Debug */ = {
			isa = XCBuildConfiguration;
			buildSettings = {
				ASSETCATALOG_COMPILER_APPICON_NAME = AppIcon;
				ASSETCATALOG_COMPILER_GLOBAL_ACCENT_COLOR_NAME = AccentColor;
				CODE_SIGN_STYLE = Automatic;
				CURRENT_PROJECT_VERSION = 1;
				GENERATE_INFOPLIST_FILE = YES;
				INFOPLIST_FILE = UIKitInstagram/Info.plist;
				INFOPLIST_KEY_UIApplicationSupportsIndirectInputEvents = YES;
				INFOPLIST_KEY_UILaunchStoryboardName = LaunchScreen;
				INFOPLIST_KEY_UIMainStoryboardFile = Main;
				INFOPLIST_KEY_UISupportedInterfaceOrientations_iPad = "UIInterfaceOrientationPortrait UIInterfaceOrientationPortraitUpsideDown UIInterfaceOrientationLandscapeLeft UIInterfaceOrientationLandscapeRight";
				INFOPLIST_KEY_UISupportedInterfaceOrientations_iPhone = "UIInterfaceOrientationPortrait UIInterfaceOrientationLandscapeLeft UIInterfaceOrientationLandscapeRight";
				LD_RUNPATH_SEARCH_PATHS = (
					"$(inherited)",
					"@executable_path/Frameworks",
				);
				MARKETING_VERSION = 1.0;
				PRODUCT_BUNDLE_IDENTIFIER = "-.UIKitInstagram";
				PRODUCT_NAME = "$(TARGET_NAME)";
				SWIFT_EMIT_LOC_STRINGS = YES;
				SWIFT_VERSION = 5.0;
				TARGETED_DEVICE_FAMILY = "1,2";
			};
			name = Debug;
		};
		949C36E128FD4FF90049BEDE /* Release */ = {
			isa = XCBuildConfiguration;
			buildSettings = {
				ASSETCATALOG_COMPILER_APPICON_NAME = AppIcon;
				ASSETCATALOG_COMPILER_GLOBAL_ACCENT_COLOR_NAME = AccentColor;
				CODE_SIGN_STYLE = Automatic;
				CURRENT_PROJECT_VERSION = 1;
				GENERATE_INFOPLIST_FILE = YES;
				INFOPLIST_FILE = UIKitInstagram/Info.plist;
				INFOPLIST_KEY_UIApplicationSupportsIndirectInputEvents = YES;
				INFOPLIST_KEY_UILaunchStoryboardName = LaunchScreen;
				INFOPLIST_KEY_UIMainStoryboardFile = Main;
				INFOPLIST_KEY_UISupportedInterfaceOrientations_iPad = "UIInterfaceOrientationPortrait UIInterfaceOrientationPortraitUpsideDown UIInterfaceOrientationLandscapeLeft UIInterfaceOrientationLandscapeRight";
				INFOPLIST_KEY_UISupportedInterfaceOrientations_iPhone = "UIInterfaceOrientationPortrait UIInterfaceOrientationLandscapeLeft UIInterfaceOrientationLandscapeRight";
				LD_RUNPATH_SEARCH_PATHS = (
					"$(inherited)",
					"@executable_path/Frameworks",
				);
				MARKETING_VERSION = 1.0;
				PRODUCT_BUNDLE_IDENTIFIER = "-.UIKitInstagram";
				PRODUCT_NAME = "$(TARGET_NAME)";
				SWIFT_EMIT_LOC_STRINGS = YES;
				SWIFT_VERSION = 5.0;
				TARGETED_DEVICE_FAMILY = "1,2";
			};
			name = Release;
		};
/* End XCBuildConfiguration section */

/* Begin XCConfigurationList section */
		949C36C628FD4FF70049BEDE /* Build configuration list for PBXProject "UIKitInstagram" */ = {
			isa = XCConfigurationList;
			buildConfigurations = (
				949C36DD28FD4FF90049BEDE /* Debug */,
				949C36DE28FD4FF90049BEDE /* Release */,
			);
			defaultConfigurationIsVisible = 0;
			defaultConfigurationName = Release;
		};
		949C36DF28FD4FF90049BEDE /* Build configuration list for PBXNativeTarget "UIKitInstagram" */ = {
			isa = XCConfigurationList;
			buildConfigurations = (
				949C36E028FD4FF90049BEDE /* Debug */,
				949C36E128FD4FF90049BEDE /* Release */,
			);
			defaultConfigurationIsVisible = 0;
			defaultConfigurationName = Release;
		};
/* End XCConfigurationList section */
	};
	rootObject = 949C36C328FD4FF70049BEDE /* Project object */;
}
